github.com/Insulince/jnet v0.0.0-20190712025923-431bfec7e055 h1:0dN3n7EvBnlLRX+J2MPwSrcbl8qEs+KSGl/AND1D4rE=
github.com/Insulince/jnet v0.0.0-20190712025923-431bfec7e055/go.mod h1:4OnKSMp2cFtEK+fZHqqcZ1Qu37inbjefbvKxNaELyzs=
github.com/TheDemx27/calculus v0.0.0-20170802071712-c9ac6b2b2cc0 h1:s8qkZZ2KgE1EcIqeO7oia1jgSlp2VZosUSf6lxPfpD4=
github.com/TheDemx27/calculus v0.0.0-20170802071712-c9ac6b2b2cc0/go.mod h1:/Gyl8Oe8ljMNgrCIoCHoCBXgC526d9TJ1vJwfFMmsqg=
